<?xml version="1.0" encoding="utf-8"?>
<Project ToolsVersion="4.0" xmlns="http://schemas.microsoft.com/developer/msbuild/2003">
  <ItemGroup>
    <Filter Include="Source Files">
      <UniqueIdentifier>{4FC737F1-C7A5-4376-A066-2A32D752A2FF}</UniqueIdentifier>
      <Extensions>cpp;c;cc;cxx;def;odl;idl;hpj;bat;asm;asmx</Extensions>
    </Filter>
    <Filter Include="Header Files">
      <UniqueIdentifier>{93995380-89BD-4b04-88EB-625FBE52EBFB}</UniqueIdentifier>
      <Extensions>h;hh;hpp;hxx;hm;inl;inc;xsd</Extensions>
    </Filter>
    <Filter Include="Resource Files">
      <UniqueIdentifier>{67DA6AB6-F800-4c08-8B7A-83BB121AAD01}</UniqueIdentifier>
      <Extensions>rc;ico;cur;bmp;dlg;rc2;rct;bin;rgs;gif;jpg;jpeg;jpe;resx;tiff;tif;png;wav</Extensions>
    </Filter>
    <Filter Include="Source Files\Test Code">
      <UniqueIdentifier>{8563e2b3-2b47-4268-aeeb-af098ddcd85d}</UniqueIdentifier>
    </Filter>
    <Filter Include="Source Files\Physics Models">
      <UniqueIdentifier>{f3931d90-7265-4040-984b-4d0f14981780}</UniqueIdentifier>
    </Filter>
    <Filter Include="Header Files\Physics Models">
      <UniqueIdentifier>{10ef6d44-32ca-4cd8-9db9-fa175d860ab5}</UniqueIdentifier>
    </Filter>
    <Filter Include="Header Files\Common Utils">
      <UniqueIdentifier>{d0be7ebc-64ba-400d-a904-0e7a0c2ac913}</UniqueIdentifier>
    </Filter>
    <Filter Include="Header Files\Geometry Structures">
      <UniqueIdentifier>{c6386b46-0e31-487d-8cfe-37ba7ff482d9}</UniqueIdentifier>
    </Filter>
    <Filter Include="Source Files\Common Utils">
      <UniqueIdentifier>{fcf2e51c-1fc0-4a12-8d76-c37b7022e645}</UniqueIdentifier>
    </Filter>
    <Filter Include="Source Files\Geometry Structures">
      <UniqueIdentifier>{d174b42e-2e5b-4dfd-add2-1a102bc99baf}</UniqueIdentifier>
    </Filter>
  </ItemGroup>
  <ItemGroup>
    <ClCompile Include="source\physics\FluidEuler.cpp">
      <Filter>Source Files\Physics Models</Filter>
    </ClCompile>
    <ClCompile Include="source\physics\Ferrofluid.cpp">
      <Filter>Source Files\Physics Models</Filter>
    </ClCompile>
    <ClCompile Include="source\geometry\MacGrid.cpp">
      <Filter>Source Files\Geometry Structures</Filter>
    </ClCompile>
    <ClCompile Include="source\geometry\Field.cpp">
      <Filter>Source Files\Geometry Structures</Filter>
    </ClCompile>
    <ClCompile Include="source\geometry\FaceField.cpp">
      <Filter>Source Files\Geometry Structures</Filter>
    </ClCompile>
    <ClCompile Include="source\test\class_test.cpp">
      <Filter>Source Files\Test Code</Filter>
    </ClCompile>
  </ItemGroup>
  <ItemGroup>
    <ClInclude Include="source\physics\FluidEuler.h">
      <Filter>Header Files\Physics Models</Filter>
    </ClInclude>
    <ClInclude Include="source\physics\Ferrofluid.h">
      <Filter>Header Files\Physics Models</Filter>
    </ClInclude>
    <ClInclude Include="source\common\constants.h">
      <Filter>Header Files\Common Utils</Filter>
    </ClInclude>
    <ClInclude Include="source\geometry\MacGrid.h">
      <Filter>Header Files\Geometry Structures</Filter>
    </ClInclude>
    <ClInclude Include="source\geometry\Field.h">
      <Filter>Header Files\Geometry Structures</Filter>
    </ClInclude>
    <ClInclude Include="source\geometry\FaceField.h">
      <Filter>Header Files\Geometry Structures</Filter>
    </ClInclude>
  </ItemGroup>
</Project>